{
  "nodes": {
    "nixpkgs": {
      "locked": {
        "lastModified": 1762629458,
        "narHash": "sha256-Izol7qcjVL97BZfgZQoDXj1hsPjhyQdNzIyNZPchqeg=",
        "owner": "nixos",
        "repo": "nixpkgs",
        "rev": "16ac6b8d7a1d7a4280c45bec059ca1ba1608d502",
        "type": "github"
      },
      "original": {
        "owner": "nixos",
        "repo": "nixpkgs",
        "type": "github"
      }
    },
    "root": {
      "inputs": {
        "nixpkgs": "nixpkgs"
      }
    }
  },
  "root": "root",
  "version": 7
}
