{
  "nodes": {
    "nixpkgs": {
      "locked": {
        "lastModified": 1750976078,
        "narHash": "sha256-SiF0LnKlmbbHcG4+L7/9F89xZn+wHzcdoRoWonQk4tg=",
        "owner": "nixos",
        "repo": "nixpkgs",
        "rev": "66f5935fc360e54d281de12106d20ca89004bf30",
        "type": "github"
      },
      "original": {
        "owner": "nixos",
        "repo": "nixpkgs",
        "type": "github"
      }
    },
    "root": {
      "inputs": {
        "nixpkgs": "nixpkgs"
      }
    }
  },
  "root": "root",
  "version": 7
}
